
Microsoft Visual Studio Solution File, Format Version 12.00
# Visual Studio Version 16
VisualStudioVersion = 16.0.28803.352
MinimumVisualStudioVersion = 10.0.40219.1
Project("{9A19103F-16F7-4668-BE54-9A1E7A4F7556}") = "SIS.HTTP", "SIS.HTTP\SIS.HTTP.csproj", "{100DBBDA-777F-4676-BD87-6A35D7CEE91A}"
EndProject
Project("{9A19103F-16F7-4668-BE54-9A1E7A4F7556}") = "SIS.MvcFramework", "SIS.MvcFramework\SIS.MvcFramework.csproj", "{EC005E80-D134-4F0C-A6BD-39D333595E97}"
EndProject
Project("{2150E333-8FDC-42A3-9474-1A3956D46DE8}") = "Apps", "Apps", "{1A81D311-4B82-4596-A734-21C4F2568222}"
EndProject
Project("{2150E333-8FDC-42A3-9474-1A3956D46DE8}") = "IRunes", "IRunes", "{A4CD8DE7-6C32-48C1-8742-4A2FE7B8D925}"
EndProject
Project("{9A19103F-16F7-4668-BE54-9A1E7A4F7556}") = "IRunes.App", "SIS.App\IRunes\IRunes.App\IRunes.App.csproj", "{8285F25E-5728-4C75-AB72-732DECB9CA91}"
EndProject
Project("{9A19103F-16F7-4668-BE54-9A1E7A4F7556}") = "IRunes.Data", "SIS.App\IRunes\IRunes.Data\IRunes.Data.csproj", "{9D06B272-3E6D-416A-BC71-DE639072087C}"
EndProject
Project("{9A19103F-16F7-4668-BE54-9A1E7A4F7556}") = "IRunes.Models", "SIS.App\IRunes\IRunes.Models\IRunes.Models.csproj", "{6853F6AC-88D9-4214-9E50-2C8171EDF61D}"
EndProject
Project("{9A19103F-16F7-4668-BE54-9A1E7A4F7556}") = "IRunes.Services", "SIS.App\IRunes\IRunes.Services\IRunes.Services.csproj", "{B20A9282-26D3-47F7-BAB6-81F295E18B6B}"
EndProject
Project("{FAE04EC0-301F-11D3-BF4B-00C04F79EFBC}") = "SIS.MvcFramework.Tests", "SIS.MvcFramework.Tests\SIS.MvcFramework.Tests.csproj", "{BB949D9F-7C0E-4CFA-BB28-BC5FB5DE1947}"
EndProject
Global
	GlobalSection(SolutionConfigurationPlatforms) = preSolution
		Debug|Any CPU = Debug|Any CPU
		Release|Any CPU = Release|Any CPU
	EndGlobalSection
	GlobalSection(ProjectConfigurationPlatforms) = postSolution
		{100DBBDA-777F-4676-BD87-6A35D7CEE91A}.Debug|Any CPU.ActiveCfg = Debug|Any CPU
		{100DBBDA-777F-4676-BD87-6A35D7CEE91A}.Debug|Any CPU.Build.0 = Debug|Any CPU
		{100DBBDA-777F-4676-BD87-6A35D7CEE91A}.Release|Any CPU.ActiveCfg = Release|Any CPU
		{100DBBDA-777F-4676-BD87-6A35D7CEE91A}.Release|Any CPU.Build.0 = Release|Any CPU
		{EC005E80-D134-4F0C-A6BD-39D333595E97}.Debug|Any CPU.ActiveCfg = Debug|Any CPU
		{EC005E80-D134-4F0C-A6BD-39D333595E97}.Debug|Any CPU.Build.0 = Debug|Any CPU
		{EC005E80-D134-4F0C-A6BD-39D333595E97}.Release|Any CPU.ActiveCfg = Release|Any CPU
		{EC005E80-D134-4F0C-A6BD-39D333595E97}.Release|Any CPU.Build.0 = Release|Any CPU
		{8285F25E-5728-4C75-AB72-732DECB9CA91}.Debug|Any CPU.ActiveCfg = Debug|Any CPU
		{8285F25E-5728-4C75-AB72-732DECB9CA91}.Debug|Any CPU.Build.0 = Debug|Any CPU
		{8285F25E-5728-4C75-AB72-732DECB9CA91}.Release|Any CPU.ActiveCfg = Release|Any CPU
		{8285F25E-5728-4C75-AB72-732DECB9CA91}.Release|Any CPU.Build.0 = Release|Any CPU
		{9D06B272-3E6D-416A-BC71-DE639072087C}.Debug|Any CPU.ActiveCfg = Debug|Any CPU
		{9D06B272-3E6D-416A-BC71-DE639072087C}.Debug|Any CPU.Build.0 = Debug|Any CPU
		{9D06B272-3E6D-416A-BC71-DE639072087C}.Release|Any CPU.ActiveCfg = Release|Any CPU
		{9D06B272-3E6D-416A-BC71-DE639072087C}.Release|Any CPU.Build.0 = Release|Any CPU
		{6853F6AC-88D9-4214-9E50-2C8171EDF61D}.Debug|Any CPU.ActiveCfg = Debug|Any CPU
		{6853F6AC-88D9-4214-9E50-2C8171EDF61D}.Debug|Any CPU.Build.0 = Debug|Any CPU
		{6853F6AC-88D9-4214-9E50-2C8171EDF61D}.Release|Any CPU.ActiveCfg = Release|Any CPU
		{6853F6AC-88D9-4214-9E50-2C8171EDF61D}.Release|Any CPU.Build.0 = Release|Any CPU
		{B20A9282-26D3-47F7-BAB6-81F295E18B6B}.Debug|Any CPU.ActiveCfg = Debug|Any CPU
		{B20A9282-26D3-47F7-BAB6-81F295E18B6B}.Debug|Any CPU.Build.0 = Debug|Any CPU
		{B20A9282-26D3-47F7-BAB6-81F295E18B6B}.Release|Any CPU.ActiveCfg = Release|Any CPU
		{B20A9282-26D3-47F7-BAB6-81F295E18B6B}.Release|Any CPU.Build.0 = Release|Any CPU
		{BB949D9F-7C0E-4CFA-BB28-BC5FB5DE1947}.Debug|Any CPU.ActiveCfg = Debug|Any CPU
		{BB949D9F-7C0E-4CFA-BB28-BC5FB5DE1947}.Debug|Any CPU.Build.0 = Debug|Any CPU
		{BB949D9F-7C0E-4CFA-BB28-BC5FB5DE1947}.Release|Any CPU.ActiveCfg = Release|Any CPU
		{BB949D9F-7C0E-4CFA-BB28-BC5FB5DE1947}.Release|Any CPU.Build.0 = Release|Any CPU
	EndGlobalSection
	GlobalSection(SolutionProperties) = preSolution
		HideSolutionNode = FALSE
	EndGlobalSection
	GlobalSection(NestedProjects) = preSolution
		{A4CD8DE7-6C32-48C1-8742-4A2FE7B8D925} = {1A81D311-4B82-4596-A734-21C4F2568222}
		{8285F25E-5728-4C75-AB72-732DECB9CA91} = {A4CD8DE7-6C32-48C1-8742-4A2FE7B8D925}
		{9D06B272-3E6D-416A-BC71-DE639072087C} = {A4CD8DE7-6C32-48C1-8742-4A2FE7B8D925}
		{6853F6AC-88D9-4214-9E50-2C8171EDF61D} = {A4CD8DE7-6C32-48C1-8742-4A2FE7B8D925}
		{B20A9282-26D3-47F7-BAB6-81F295E18B6B} = {A4CD8DE7-6C32-48C1-8742-4A2FE7B8D925}
	EndGlobalSection
	GlobalSection(ExtensibilityGlobals) = postSolution
		SolutionGuid = {9285C9AF-0A60-47B6-921E-FE15C0D23D6B}
	EndGlobalSection
EndGlobal
